
Microsoft Visual Studio Solution File, Format Version 12.00
# Visual Studio Version 17
VisualStudioVersion = 17.14.36408.4 d17.14
MinimumVisualStudioVersion = 10.0.40219.1
Project("{FAE04EC0-301F-11D3-BF4B-00C04F79EFBC}") = "Plateforme", "Plateforme.csproj", "{2542C1AA-DF5D-40A5-A7A2-03452DD87881}"
EndProject
Global
	GlobalSection(SolutionConfigurationPlatforms) = preSolution
		Debug|Any CPU = Debug|Any CPU
		Release|Any CPU = Release|Any CPU
	EndGlobalSection
	GlobalSection(ProjectConfigurationPlatforms) = postSolution
		{2542C1AA-DF5D-40A5-A7A2-03452DD87881}.Debug|Any CPU.ActiveCfg = Debug|Any CPU
		{2542C1AA-DF5D-40A5-A7A2-03452DD87881}.Debug|Any CPU.Build.0 = Debug|Any CPU
		{2542C1AA-DF5D-40A5-A7A2-03452DD87881}.Release|Any CPU.ActiveCfg = Release|Any CPU
		{2542C1AA-DF5D-40A5-A7A2-03452DD87881}.Release|Any CPU.Build.0 = Release|Any CPU
	EndGlobalSection
	GlobalSection(SolutionProperties) = preSolution
		HideSolutionNode = FALSE
	EndGlobalSection
	GlobalSection(ExtensibilityGlobals) = postSolution
		SolutionGuid = {FEC913AF-F521-4171-82B7-367F3F418A76}
	EndGlobalSection
EndGlobal
